# This file is generated by running "yarn install" inside your project.
# Manual changes might be lost - proceed with caution!

__metadata:
  version: 8
  cacheKey: 10c0

"@cspotcode/source-map-support@npm:^0.8.0":
  version: 0.8.1
  resolution: "@cspotcode/source-map-support@npm:0.8.1"
  dependencies:
    "@jridgewell/trace-mapping": "npm:0.3.9"
  checksum: 8/5718f267085ed8edb3e7ef210137241775e607ee18b77d95aa5bd7514f47f5019aa2d82d96b3bf342ef7aa890a346fa1044532ff7cc3009e7d24fce3ce6200fa
  languageName: node
  linkType: hard

"@jridgewell/resolve-uri@npm:^3.0.3":
  version: 3.1.0
  resolution: "@jridgewell/resolve-uri@npm:3.1.0"
  checksum: 8/b5ceaaf9a110fcb2780d1d8f8d4a0bfd216702f31c988d8042e5f8fbe353c55d9b0f55a1733afdc64806f8e79c485d2464680ac48a0d9fcadb9548ee6b81d267
  languageName: node
  linkType: hard

"@jridgewell/sourcemap-codec@npm:^1.4.10":
  version: 1.4.14
  resolution: "@jridgewell/sourcemap-codec@npm:1.4.14"
  checksum: 8/61100637b6d173d3ba786a5dff019e1a74b1f394f323c1fee337ff390239f053b87266c7a948777f4b1ee68c01a8ad0ab61e5ff4abb5a012a0b091bec391ab97
  languageName: node
  linkType: hard

"@jridgewell/trace-mapping@npm:0.3.9":
  version: 0.3.9
  resolution: "@jridgewell/trace-mapping@npm:0.3.9"
  dependencies:
    "@jridgewell/resolve-uri": "npm:^3.0.3"
    "@jridgewell/sourcemap-codec": "npm:^1.4.10"
  checksum: 8/d89597752fd88d3f3480845691a05a44bd21faac18e2185b6f436c3b0fd0c5a859fbbd9aaa92050c4052caf325ad3e10e2e1d1b64327517471b7d51babc0ddef
  languageName: node
  linkType: hard

"@octokit/auth-token@npm:^5.0.0":
  version: 5.0.0
  resolution: "@octokit/auth-token@npm:5.0.0"
  checksum: 10c0/4871b8f3efaf9cd56d7f4909ab9b6579930eeecc8fbd73ce97d9590548d89675f1edf85f73778c86abd93876b5cbb58d377b528a70f29faedf8d2642b0b0c2d7
  languageName: node
  linkType: hard

"@octokit/core@npm:^6.0.0":
  version: 6.1.4
  resolution: "@octokit/core@npm:6.1.4"
  dependencies:
    "@octokit/auth-token": "npm:^5.0.0"
    "@octokit/graphql": "npm:^8.1.2"
    "@octokit/request": "npm:^9.2.1"
    "@octokit/request-error": "npm:^6.1.7"
    "@octokit/types": "npm:^13.6.2"
    before-after-hook: "npm:^3.0.2"
    universal-user-agent: "npm:^7.0.0"
  checksum: 10c0/bcb05e83c54f686ae55bd3793e63a1832f83cbe804586b52c61b0e18942609dcc209af501720de6f2c87dc575047645b074f4cd5822d461e892058ea9654aebc
  languageName: node
  linkType: hard

"@octokit/endpoint@npm:^10.0.0":
  version: 10.0.0
  resolution: "@octokit/endpoint@npm:10.0.0"
  dependencies:
    "@octokit/types": "npm:^12.0.0"
    universal-user-agent: "npm:^7.0.2"
  checksum: 10c0/acb7b718f3a661978c80cf9c976b9a75a30112ea72c81b3ccbc4b1930cb6aa7c3f4f5fd3451a530da385109e9a0a452a752f28cc67170f46c9b7d049178e28da
  languageName: node
  linkType: hard

"@octokit/endpoint@npm:^10.1.3":
  version: 10.1.3
  resolution: "@octokit/endpoint@npm:10.1.3"
  dependencies:
    "@octokit/types": "npm:^13.6.2"
    universal-user-agent: "npm:^7.0.2"
  checksum: 10c0/096956534efee1f683b4749673c2d1673c6fbe5362b9cce553f9f4b956feaf59bde816594de72f4352f749b862d0b15bc0e2fa7fb0e198deb1fe637b5f4a8bc7
  languageName: node
  linkType: hard

"@octokit/graphql@npm:^8.1.2":
  version: 8.1.2
  resolution: "@octokit/graphql@npm:8.1.2"
  dependencies:
    "@octokit/request": "npm:^9.1.4"
    "@octokit/types": "npm:^13.6.2"
    universal-user-agent: "npm:^7.0.0"
  checksum: 10c0/58f08ddbb85e334b5dc07c75ca746781484cb63e0d64edfa8205cd69a2d99c87a9279251a2d24bbdf9a3d45708474eb8d834858cd8f4959da726dbffe96e9e4e
  languageName: node
  linkType: hard

"@octokit/openapi-types@npm:^19.0.0":
  version: 19.0.0
  resolution: "@octokit/openapi-types@npm:19.0.0"
  checksum: 8/9a8125ab4e1651ca4b2f734cfa15ca52fe9fa0edd87696e4f57dfa2bcd472767f0f8a99b9324be21f863e6cd91afee423982189f97ac018f3c78a83560e616f5
  languageName: node
  linkType: hard

"@octokit/openapi-types@npm:^22.2.0":
  version: 22.2.0
  resolution: "@octokit/openapi-types@npm:22.2.0"
  checksum: 10c0/a45bfc735611e836df0729f5922bbd5811d401052b972d1e3bc1278a2d2403e00f4552ce9d1f2793f77f167d212da559c5cb9f1b02c935114ad6d898779546ee
  languageName: node
  linkType: hard

"@octokit/request-error@npm:^6.0.1":
  version: 6.0.1
  resolution: "@octokit/request-error@npm:6.0.1"
  dependencies:
    "@octokit/types": "npm:^12.0.0"
  checksum: 10c0/2137d830bf6bf7a206e2e0a4610ea8b5fe07adfab2c51d2a8fbef59f6625c43d60c02a68b0821e7bce1a8288a4239a21e84d8dc326779bf5686c23d5ab9f4789
  languageName: node
  linkType: hard

"@octokit/request-error@npm:^6.1.6":
  version: 6.1.6
  resolution: "@octokit/request-error@npm:6.1.6"
  dependencies:
    "@octokit/types": "npm:^13.6.2"
  checksum: 10c0/cbbed77ddd1d40a1bed36224667c2fac4c20ce375a78d4648745ad1fedc8c2b1d01343b5908979d5b6557736245637eb58efc65d0cd1ef047ea6be74b46c47d2
  languageName: node
  linkType: hard

"@octokit/request-error@npm:^6.1.7":
  version: 6.1.7
  resolution: "@octokit/request-error@npm:6.1.7"
  dependencies:
    "@octokit/types": "npm:^13.6.2"
  checksum: 10c0/24bd6f98b1d7b2d4062de34777b4195d3cc4dc40c3187a0321dd588291ec5e13b5760765aacdef3a73796a529d3dec0bfb820780be6ef526a3e774d13566b5b0
  languageName: node
  linkType: hard

"@octokit/request@npm:^9.1.4":
  version: 9.1.4
  resolution: "@octokit/request@npm:9.1.4"
  dependencies:
    "@octokit/endpoint": "npm:^10.0.0"
    "@octokit/request-error": "npm:^6.0.1"
    "@octokit/types": "npm:^13.6.2"
    fast-content-type-parse: "npm:^2.0.0"
    universal-user-agent: "npm:^7.0.2"
  checksum: 10c0/a5ebfeb1ed185aed5422f5d407153f9c43450051cf99b7da0c4d185926af84efc5ff9b3338a58c7229b4e69b9b4c951045212ef13516433e5e2c21cb1a4cbb54
  languageName: node
  linkType: hard

"@octokit/request@npm:^9.2.1":
  version: 9.2.1
  resolution: "@octokit/request@npm:9.2.1"
  dependencies:
    "@octokit/endpoint": "npm:^10.1.3"
    "@octokit/request-error": "npm:^6.1.6"
    "@octokit/types": "npm:^13.6.2"
    fast-content-type-parse: "npm:^2.0.0"
    universal-user-agent: "npm:^7.0.2"
  checksum: 10c0/4ec8ae8a9f323ecbe99abde97d21916c200a48a87be7b88407a4f15f2b4fcdc19f48fd5164d3e768a4712ef0702c06e4ff7f65dac562ec7f703eb9a532aebce2
  languageName: node
  linkType: hard

"@octokit/types@npm:^12.0.0":
  version: 12.0.0
  resolution: "@octokit/types@npm:12.0.0"
  dependencies:
    "@octokit/openapi-types": "npm:^19.0.0"
  checksum: 8/ad55e13cbeef96a63d0088df2ed0a8f3ca764db3f877aa2ecb1693de40b03c1f8e392603bd7fddaaaa74138970ea39f46e4b830d15eeeba74be1671f36440129
  languageName: node
  linkType: hard

"@octokit/types@npm:^13.6.2":
  version: 13.6.2
  resolution: "@octokit/types@npm:13.6.2"
  dependencies:
    "@octokit/openapi-types": "npm:^22.2.0"
  checksum: 10c0/ea51afb21b667b25dad9e5daae1701da1b362a4d6ed9609f6d3f9f219e5389bf50f7e53ae029ca190750e278be3ab963cac648a95ad248f245a5fda16a4f1ed1
  languageName: node
  linkType: hard

"@tsconfig/node10@npm:^1.0.7":
  version: 1.0.9
  resolution: "@tsconfig/node10@npm:1.0.9"
  checksum: 8/a33ae4dc2a621c0678ac8ac4bceb8e512ae75dac65417a2ad9b022d9b5411e863c4c198b6ba9ef659e14b9fb609bbec680841a2e84c1172df7a5ffcf076539df
  languageName: node
  linkType: hard

"@tsconfig/node12@npm:^1.0.7":
  version: 1.0.11
  resolution: "@tsconfig/node12@npm:1.0.11"
  checksum: 8/5ce29a41b13e7897a58b8e2df11269c5395999e588b9a467386f99d1d26f6c77d1af2719e407621412520ea30517d718d5192a32403b8dfcc163bf33e40a338a
  languageName: node
  linkType: hard

"@tsconfig/node14@npm:^1.0.0":
  version: 1.0.3
  resolution: "@tsconfig/node14@npm:1.0.3"
  checksum: 8/19275fe80c4c8d0ad0abed6a96dbf00642e88b220b090418609c4376e1cef81bf16237bf170ad1b341452feddb8115d8dd2e5acdfdea1b27422071163dc9ba9d
  languageName: node
  linkType: hard

"@tsconfig/node16@npm:^1.0.2":
  version: 1.0.3
  resolution: "@tsconfig/node16@npm:1.0.3"
  checksum: 8/3a8b657dd047495b7ad23437d6afd20297ce90380ff0bdee93fc7d39a900dbd8d9e26e53ff6b465e7967ce2adf0b218782590ce9013285121e6a5928fbd6819f
  languageName: node
  linkType: hard

"@types/node@npm:^22.0.0":
  version: 22.13.10
  resolution: "@types/node@npm:22.13.10"
  dependencies:
    undici-types: "npm:~6.20.0"
  checksum: 10c0/a3865f9503d6f718002374f7b87efaadfae62faa499c1a33b12c527cfb9fd86f733e1a1b026b80c5a0e4a965701174bc3305595a7d36078aa1abcf09daa5dee9
  languageName: node
  linkType: hard

"acorn-walk@npm:^8.1.1":
  version: 8.2.0
  resolution: "acorn-walk@npm:8.2.0"
  checksum: 8/1715e76c01dd7b2d4ca472f9c58968516a4899378a63ad5b6c2d668bba8da21a71976c14ec5f5b75f887b6317c4ae0b897ab141c831d741dc76024d8745f1ad1
  languageName: node
  linkType: hard

"acorn@npm:^8.4.1":
  version: 8.8.2
  resolution: "acorn@npm:8.8.2"
  bin:
    acorn: bin/acorn
  checksum: 8/f790b99a1bf63ef160c967e23c46feea7787e531292bb827126334612c234ed489a0dc2c7ba33156416f0ffa8d25bf2b0fdb7f35c2ba60eb3e960572bece4001
  languageName: node
  linkType: hard

"arg@npm:^4.1.0":
  version: 4.1.3
  resolution: "arg@npm:4.1.3"
  checksum: 8/544af8dd3f60546d3e4aff084d451b96961d2267d668670199692f8d054f0415d86fc5497d0e641e91546f0aa920e7c29e5250e99fc89f5552a34b5d93b77f43
  languageName: node
  linkType: hard

"asynckit@npm:^0.4.0":
  version: 0.4.0
  resolution: "asynckit@npm:0.4.0"
  checksum: 8/7b78c451df768adba04e2d02e63e2d0bf3b07adcd6e42b4cf665cb7ce899bedd344c69a1dcbce355b5f972d597b25aaa1c1742b52cffd9caccb22f348114f6be
  languageName: node
  linkType: hard

"axios@npm:^1.3.4":
  version: 1.8.2
  resolution: "axios@npm:1.8.2"
  dependencies:
    follow-redirects: "npm:^1.15.6"
    form-data: "npm:^4.0.0"
    proxy-from-env: "npm:^1.1.0"
  checksum: 10c0/d8c2969e4642dc6d39555ac58effe06c051ba7aac2bd40cad7a9011c019fb2f16ee011c5a6906cb25b8a4f87258c359314eb981f852e60ad445ecaeb793c7aa2
  languageName: node
  linkType: hard

"before-after-hook@npm:^3.0.2":
  version: 3.0.2
  resolution: "before-after-hook@npm:3.0.2"
  checksum: 10c0/dea640f9e88a1085372c9bcc974b7bf379267490693da92ec102a7d8b515dd1e95f00ef575a146b83ca638104c57406c3427d37bdf082f602dde4b56d05bba14
  languageName: node
  linkType: hard

"combined-stream@npm:^1.0.8":
  version: 1.0.8
  resolution: "combined-stream@npm:1.0.8"
  dependencies:
    delayed-stream: "npm:~1.0.0"
  checksum: 8/49fa4aeb4916567e33ea81d088f6584749fc90c7abec76fd516bf1c5aa5c79f3584b5ba3de6b86d26ddd64bae5329c4c7479343250cfe71c75bb366eae53bb7c
  languageName: node
  linkType: hard

"create-require@npm:^1.1.0":
  version: 1.1.1
  resolution: "create-require@npm:1.1.1"
  checksum: 8/a9a1503d4390d8b59ad86f4607de7870b39cad43d929813599a23714831e81c520bddf61bcdd1f8e30f05fd3a2b71ae8538e946eb2786dc65c2bbc520f692eff
  languageName: node
  linkType: hard

"delayed-stream@npm:~1.0.0":
  version: 1.0.0
  resolution: "delayed-stream@npm:1.0.0"
  checksum: 8/46fe6e83e2cb1d85ba50bd52803c68be9bd953282fa7096f51fc29edd5d67ff84ff753c51966061e5ba7cb5e47ef6d36a91924eddb7f3f3483b1c560f77a0020
  languageName: node
  linkType: hard

"diff@npm:^4.0.1":
  version: 4.0.2
  resolution: "diff@npm:4.0.2"
  checksum: 8/f2c09b0ce4e6b301c221addd83bf3f454c0bc00caa3dd837cf6c127d6edf7223aa2bbe3b688feea110b7f262adbfc845b757c44c8a9f8c0c5b15d8fa9ce9d20d
  languageName: node
  linkType: hard

"fast-content-type-parse@npm:^2.0.0":
  version: 2.0.1
  resolution: "fast-content-type-parse@npm:2.0.1"
  checksum: 10c0/e5ff87d75a35ae4cf377df1dca46ec49e7abbdc8513689676ecdef548b94900b50e66e516e64470035d79b9f7010ef15d98c24d8ae803a881363cc59e0715e19
  languageName: node
  linkType: hard

"follow-redirects@npm:^1.15.6":
  version: 1.15.6
  resolution: "follow-redirects@npm:1.15.6"
  peerDependenciesMeta:
    debug:
      optional: true
  checksum: 10c0/9ff767f0d7be6aa6870c82ac79cf0368cd73e01bbc00e9eb1c2a16fbb198ec105e3c9b6628bb98e9f3ac66fe29a957b9645bcb9a490bb7aa0d35f908b6b85071
  languageName: node
  linkType: hard

"form-data@npm:^4.0.0":
  version: 4.0.0
  resolution: "form-data@npm:4.0.0"
  dependencies:
    asynckit: "npm:^0.4.0"
    combined-stream: "npm:^1.0.8"
    mime-types: "npm:^2.1.12"
  checksum: 8/01135bf8675f9d5c61ff18e2e2932f719ca4de964e3be90ef4c36aacfc7b9cb2fceb5eca0b7e0190e3383fe51c5b37f4cb80b62ca06a99aaabfcfd6ac7c9328c
  languageName: node
  linkType: hard

"make-error@npm:^1.1.1":
  version: 1.3.6
  resolution: "make-error@npm:1.3.6"
  checksum: 8/b86e5e0e25f7f777b77fabd8e2cbf15737972869d852a22b7e73c17623928fccb826d8e46b9951501d3f20e51ad74ba8c59ed584f610526a48f8ccf88aaec402
  languageName: node
  linkType: hard

"mime-db@npm:1.52.0":
  version: 1.52.0
  resolution: "mime-db@npm:1.52.0"
  checksum: 8/0d99a03585f8b39d68182803b12ac601d9c01abfa28ec56204fa330bc9f3d1c5e14beb049bafadb3dbdf646dfb94b87e24d4ec7b31b7279ef906a8ea9b6a513f
  languageName: node
  linkType: hard

"mime-types@npm:^2.1.12":
  version: 2.1.35
  resolution: "mime-types@npm:2.1.35"
  dependencies:
    mime-db: "npm:1.52.0"
  checksum: 8/89a5b7f1def9f3af5dad6496c5ed50191ae4331cc5389d7c521c8ad28d5fdad2d06fd81baf38fed813dc4e46bb55c8145bb0ff406330818c9cf712fb2e9b3836
  languageName: node
  linkType: hard

"prettier@npm:^3.0.0":
  version: 3.5.3
  resolution: "prettier@npm:3.5.3"
  bin:
    prettier: bin/prettier.cjs
  checksum: 10c0/3880cb90b9dc0635819ab52ff571518c35bd7f15a6e80a2054c05dbc8a3aa6e74f135519e91197de63705bcb38388ded7e7230e2178432a1468005406238b877
  languageName: node
  linkType: hard

"proxy-from-env@npm:^1.1.0":
  version: 1.1.0
  resolution: "proxy-from-env@npm:1.1.0"
  checksum: 8/ed7fcc2ba0a33404958e34d95d18638249a68c430e30fcb6c478497d72739ba64ce9810a24f53a7d921d0c065e5b78e3822759800698167256b04659366ca4d4
  languageName: node
  linkType: hard

"red-dirt@workspace:.":
  version: 0.0.0-use.local
  resolution: "red-dirt@workspace:."
  dependencies:
    "@octokit/core": "npm:^6.0.0"
    "@types/node": "npm:^22.0.0"
    axios: "npm:^1.3.4"
    prettier: "npm:^3.0.0"
    ts-node: "npm:^10.9.1"
    tslib: "npm:^2.5.0"
    typescript: "npm:^5.0.2"
  languageName: unknown
  linkType: soft

"ts-node@npm:^10.9.1":
  version: 10.9.2
  resolution: "ts-node@npm:10.9.2"
  dependencies:
    "@cspotcode/source-map-support": "npm:^0.8.0"
    "@tsconfig/node10": "npm:^1.0.7"
    "@tsconfig/node12": "npm:^1.0.7"
    "@tsconfig/node14": "npm:^1.0.0"
    "@tsconfig/node16": "npm:^1.0.2"
    acorn: "npm:^8.4.1"
    acorn-walk: "npm:^8.1.1"
    arg: "npm:^4.1.0"
    create-require: "npm:^1.1.0"
    diff: "npm:^4.0.1"
    make-error: "npm:^1.1.1"
    v8-compile-cache-lib: "npm:^3.0.1"
    yn: "npm:3.1.1"
  peerDependencies:
    "@swc/core": ">=1.2.50"
    "@swc/wasm": ">=1.2.50"
    "@types/node": "*"
    typescript: ">=2.7"
  peerDependenciesMeta:
    "@swc/core":
      optional: true
    "@swc/wasm":
      optional: true
  bin:
    ts-node: dist/bin.js
    ts-node-cwd: dist/bin-cwd.js
    ts-node-esm: dist/bin-esm.js
    ts-node-script: dist/bin-script.js
    ts-node-transpile-only: dist/bin-transpile.js
    ts-script: dist/bin-script-deprecated.js
  checksum: 10c0/5f29938489f96982a25ba650b64218e83a3357d76f7bede80195c65ab44ad279c8357264639b7abdd5d7e75fc269a83daa0e9c62fd8637a3def67254ecc9ddc2
  languageName: node
  linkType: hard

"tslib@npm:^2.5.0":
  version: 2.8.1
  resolution: "tslib@npm:2.8.1"
  checksum: 10c0/9c4759110a19c53f992d9aae23aac5ced636e99887b51b9e61def52611732872ff7668757d4e4c61f19691e36f4da981cd9485e869b4a7408d689f6bf1f14e62
  languageName: node
  linkType: hard

"typescript@npm:^5.0.2":
  version: 5.8.2
  resolution: "typescript@npm:5.8.2"
  bin:
    tsc: bin/tsc
    tsserver: bin/tsserver
  checksum: 10c0/5c4f6fbf1c6389b6928fe7b8fcd5dc73bb2d58cd4e3883f1d774ed5bd83b151cbac6b7ecf11723de56d4676daeba8713894b1e9af56174f2f9780ae7848ec3c6
  languageName: node
  linkType: hard

"typescript@patch:typescript@npm%3A^5.0.2#optional!builtin<compat/typescript>":
  version: 5.8.2
  resolution: "typescript@patch:typescript@npm%3A5.8.2#optional!builtin<compat/typescript>::version=5.8.2&hash=5786d5"
  bin:
    tsc: bin/tsc
    tsserver: bin/tsserver
  checksum: 10c0/5448a08e595cc558ab321e49d4cac64fb43d1fa106584f6ff9a8d8e592111b373a995a1d5c7f3046211c8a37201eb6d0f1566f15cdb7a62a5e3be01d087848e2
  languageName: node
  linkType: hard

"undici-types@npm:~6.20.0":
  version: 6.20.0
  resolution: "undici-types@npm:6.20.0"
  checksum: 10c0/68e659a98898d6a836a9a59e6adf14a5d799707f5ea629433e025ac90d239f75e408e2e5ff086afc3cace26f8b26ee52155293564593fbb4a2f666af57fc59bf
  languageName: node
  linkType: hard

"universal-user-agent@npm:^7.0.0, universal-user-agent@npm:^7.0.2":
  version: 7.0.2
  resolution: "universal-user-agent@npm:7.0.2"
  checksum: 10c0/e60517ee929813e6b3ac0ceb3c66deccafadc71341edca160279ff046319c684fd7090a60d63aa61cd34a06c2d2acebeb8c2f8d364244ae7bf8ab788e20cd8c8
  languageName: node
  linkType: hard

"v8-compile-cache-lib@npm:^3.0.1":
  version: 3.0.1
  resolution: "v8-compile-cache-lib@npm:3.0.1"
  checksum: 8/78089ad549e21bcdbfca10c08850022b22024cdcc2da9b168bcf5a73a6ed7bf01a9cebb9eac28e03cd23a684d81e0502797e88f3ccd27a32aeab1cfc44c39da0
  languageName: node
  linkType: hard

"yn@npm:3.1.1":
  version: 3.1.1
  resolution: "yn@npm:3.1.1"
  checksum: 8/2c487b0e149e746ef48cda9f8bad10fc83693cd69d7f9dcd8be4214e985de33a29c9e24f3c0d6bcf2288427040a8947406ab27f7af67ee9456e6b84854f02dd6
  languageName: node
  linkType: hard
