# This file is generated by running "yarn install" inside your project.
# Manual changes might be lost - proceed with caution!

__metadata:
  version: 8
  cacheKey: 10c0

"@cspotcode/source-map-support@npm:^0.8.0":
  version: 0.8.1
  resolution: "@cspotcode/source-map-support@npm:0.8.1"
  dependencies:
    "@jridgewell/trace-mapping": "npm:0.3.9"
  checksum: 8/5718f267085ed8edb3e7ef210137241775e607ee18b77d95aa5bd7514f47f5019aa2d82d96b3bf342ef7aa890a346fa1044532ff7cc3009e7d24fce3ce6200fa
  languageName: node
  linkType: hard

"@jridgewell/resolve-uri@npm:^3.0.3":
  version: 3.1.0
  resolution: "@jridgewell/resolve-uri@npm:3.1.0"
  checksum: 8/b5ceaaf9a110fcb2780d1d8f8d4a0bfd216702f31c988d8042e5f8fbe353c55d9b0f55a1733afdc64806f8e79c485d2464680ac48a0d9fcadb9548ee6b81d267
  languageName: node
  linkType: hard

"@jridgewell/sourcemap-codec@npm:^1.4.10":
  version: 1.4.14
  resolution: "@jridgewell/sourcemap-codec@npm:1.4.14"
  checksum: 8/61100637b6d173d3ba786a5dff019e1a74b1f394f323c1fee337ff390239f053b87266c7a948777f4b1ee68c01a8ad0ab61e5ff4abb5a012a0b091bec391ab97
  languageName: node
  linkType: hard

"@jridgewell/trace-mapping@npm:0.3.9":
  version: 0.3.9
  resolution: "@jridgewell/trace-mapping@npm:0.3.9"
  dependencies:
    "@jridgewell/resolve-uri": "npm:^3.0.3"
    "@jridgewell/sourcemap-codec": "npm:^1.4.10"
  checksum: 8/d89597752fd88d3f3480845691a05a44bd21faac18e2185b6f436c3b0fd0c5a859fbbd9aaa92050c4052caf325ad3e10e2e1d1b64327517471b7d51babc0ddef
  languageName: node
  linkType: hard

"@octokit/auth-token@npm:^4.0.0":
  version: 4.0.0
  resolution: "@octokit/auth-token@npm:4.0.0"
  checksum: 8/d78f4dc48b214d374aeb39caec4fdbf5c1e4fd8b9fcb18f630b1fe2cbd5a880fca05445f32b4561f41262cb551746aeb0b49e89c95c6dd99299706684d0cae2f
  languageName: node
  linkType: hard

"@octokit/core@npm:^5.0.0":
  version: 5.0.2
  resolution: "@octokit/core@npm:5.0.2"
  dependencies:
    "@octokit/auth-token": "npm:^4.0.0"
    "@octokit/graphql": "npm:^7.0.0"
    "@octokit/request": "npm:^8.0.2"
    "@octokit/request-error": "npm:^5.0.0"
    "@octokit/types": "npm:^12.0.0"
    before-after-hook: "npm:^2.2.0"
    universal-user-agent: "npm:^6.0.0"
  checksum: f3b3cb72f8f374e763e60922eacad56cb08fc05ee0be26f2a7b61937f89a377a8fd1b54f3d621a2b9627a9402c595d4b7e24900602e401b8a8edaffd995fa98f
  languageName: node
  linkType: hard

"@octokit/endpoint@npm:^9.0.0":
  version: 9.0.0
  resolution: "@octokit/endpoint@npm:9.0.0"
  dependencies:
    "@octokit/types": "npm:^11.0.0"
    is-plain-object: "npm:^5.0.0"
    universal-user-agent: "npm:^6.0.0"
  checksum: 8/0e402c4d0fbe5b8053630cedb30dde5074bb6410828a05dc93d7e0fdd6c17f9a44b66586ef1a4e4ee0baa8d34ef7d6f535e2f04d9ea42909b7fc7ff55ce56a48
  languageName: node
  linkType: hard

"@octokit/graphql@npm:^7.0.0":
  version: 7.0.1
  resolution: "@octokit/graphql@npm:7.0.1"
  dependencies:
    "@octokit/request": "npm:^8.0.1"
    "@octokit/types": "npm:^11.0.0"
    universal-user-agent: "npm:^6.0.0"
  checksum: 8/7ee907987b1b8312c6f870c44455cbd3eed805bb1a4095038f4e7e62ee2e006bd766f2a71dfbe56b870cd8f7558309c602f00d3e252fe59578f4acf6249a4f17
  languageName: node
  linkType: hard

"@octokit/openapi-types@npm:^18.0.0":
  version: 18.0.0
  resolution: "@octokit/openapi-types@npm:18.0.0"
  checksum: 8/d487d6c6c1965e583eee417d567e4fe3357a98953fc49bce1a88487e7908e9b5dbb3e98f60dfa340e23b1792725fbc006295aea071c5667a813b9c098185b56f
  languageName: node
  linkType: hard

"@octokit/openapi-types@npm:^19.0.0":
  version: 19.0.0
  resolution: "@octokit/openapi-types@npm:19.0.0"
  checksum: 8/9a8125ab4e1651ca4b2f734cfa15ca52fe9fa0edd87696e4f57dfa2bcd472767f0f8a99b9324be21f863e6cd91afee423982189f97ac018f3c78a83560e616f5
  languageName: node
  linkType: hard

"@octokit/request-error@npm:^5.0.0":
  version: 5.0.0
  resolution: "@octokit/request-error@npm:5.0.0"
  dependencies:
    "@octokit/types": "npm:^11.0.0"
    deprecation: "npm:^2.0.0"
    once: "npm:^1.4.0"
  checksum: 8/2012eca66f6b8fa4038b3bfe81d65a7134ec58e2caf45d229aca13b9653ab260abd95229bd1a8c11180ee0bcf738e2556831a85de28f39b175175653c3b79fdd
  languageName: node
  linkType: hard

"@octokit/request@npm:^8.0.1, @octokit/request@npm:^8.0.2":
  version: 8.0.4
  resolution: "@octokit/request@npm:8.0.4"
  dependencies:
    "@octokit/endpoint": "npm:^9.0.0"
    "@octokit/request-error": "npm:^5.0.0"
    "@octokit/types": "npm:^11.0.0"
    is-plain-object: "npm:^5.0.0"
    universal-user-agent: "npm:^6.0.0"
  checksum: 8/d92dd36cce7d4579780f71532f8fe321778f5c3b1d6e8b0fef367c3651df8e7968143930d741c0e12035827525edc59d0b04df404352f4101c9e82246d1770a6
  languageName: node
  linkType: hard

"@octokit/types@npm:^11.0.0":
  version: 11.1.0
  resolution: "@octokit/types@npm:11.1.0"
  dependencies:
    "@octokit/openapi-types": "npm:^18.0.0"
  checksum: 8/72627a94ddaf7bc14db06572bcde67649aad608cd86548818380db9305f4c0ca9ca078a62dd883858a267e8ec8fd596a0fce416aa04197c439b9548efef609a7
  languageName: node
  linkType: hard

"@octokit/types@npm:^12.0.0":
  version: 12.0.0
  resolution: "@octokit/types@npm:12.0.0"
  dependencies:
    "@octokit/openapi-types": "npm:^19.0.0"
  checksum: 8/ad55e13cbeef96a63d0088df2ed0a8f3ca764db3f877aa2ecb1693de40b03c1f8e392603bd7fddaaaa74138970ea39f46e4b830d15eeeba74be1671f36440129
  languageName: node
  linkType: hard

"@tsconfig/node10@npm:^1.0.7":
  version: 1.0.9
  resolution: "@tsconfig/node10@npm:1.0.9"
  checksum: 8/a33ae4dc2a621c0678ac8ac4bceb8e512ae75dac65417a2ad9b022d9b5411e863c4c198b6ba9ef659e14b9fb609bbec680841a2e84c1172df7a5ffcf076539df
  languageName: node
  linkType: hard

"@tsconfig/node12@npm:^1.0.7":
  version: 1.0.11
  resolution: "@tsconfig/node12@npm:1.0.11"
  checksum: 8/5ce29a41b13e7897a58b8e2df11269c5395999e588b9a467386f99d1d26f6c77d1af2719e407621412520ea30517d718d5192a32403b8dfcc163bf33e40a338a
  languageName: node
  linkType: hard

"@tsconfig/node14@npm:^1.0.0":
  version: 1.0.3
  resolution: "@tsconfig/node14@npm:1.0.3"
  checksum: 8/19275fe80c4c8d0ad0abed6a96dbf00642e88b220b090418609c4376e1cef81bf16237bf170ad1b341452feddb8115d8dd2e5acdfdea1b27422071163dc9ba9d
  languageName: node
  linkType: hard

"@tsconfig/node16@npm:^1.0.2":
  version: 1.0.3
  resolution: "@tsconfig/node16@npm:1.0.3"
  checksum: 8/3a8b657dd047495b7ad23437d6afd20297ce90380ff0bdee93fc7d39a900dbd8d9e26e53ff6b465e7967ce2adf0b218782590ce9013285121e6a5928fbd6819f
  languageName: node
  linkType: hard

"@types/node@npm:^20.0.0":
  version: 20.11.0
  resolution: "@types/node@npm:20.11.0"
  dependencies:
    undici-types: "npm:~5.26.4"
  checksum: 560aa850dfccb83326f9cba125459f6c3fb0c71ec78f22c61e4d248f1df78bd25fd6792cef573dfbdc49c882f8e38bb1a82ca87e0e28ff2513629c704c2b02af
  languageName: node
  linkType: hard

"acorn-walk@npm:^8.1.1":
  version: 8.2.0
  resolution: "acorn-walk@npm:8.2.0"
  checksum: 8/1715e76c01dd7b2d4ca472f9c58968516a4899378a63ad5b6c2d668bba8da21a71976c14ec5f5b75f887b6317c4ae0b897ab141c831d741dc76024d8745f1ad1
  languageName: node
  linkType: hard

"acorn@npm:^8.4.1":
  version: 8.8.2
  resolution: "acorn@npm:8.8.2"
  bin:
    acorn: bin/acorn
  checksum: 8/f790b99a1bf63ef160c967e23c46feea7787e531292bb827126334612c234ed489a0dc2c7ba33156416f0ffa8d25bf2b0fdb7f35c2ba60eb3e960572bece4001
  languageName: node
  linkType: hard

"arg@npm:^4.1.0":
  version: 4.1.3
  resolution: "arg@npm:4.1.3"
  checksum: 8/544af8dd3f60546d3e4aff084d451b96961d2267d668670199692f8d054f0415d86fc5497d0e641e91546f0aa920e7c29e5250e99fc89f5552a34b5d93b77f43
  languageName: node
  linkType: hard

"asynckit@npm:^0.4.0":
  version: 0.4.0
  resolution: "asynckit@npm:0.4.0"
  checksum: 8/7b78c451df768adba04e2d02e63e2d0bf3b07adcd6e42b4cf665cb7ce899bedd344c69a1dcbce355b5f972d597b25aaa1c1742b52cffd9caccb22f348114f6be
  languageName: node
  linkType: hard

"axios@npm:^1.3.4":
  version: 1.6.5
  resolution: "axios@npm:1.6.5"
  dependencies:
    follow-redirects: "npm:^1.15.4"
    form-data: "npm:^4.0.0"
    proxy-from-env: "npm:^1.1.0"
  checksum: aeb9acf87590d8aa67946072ced38e01ca71f5dfe043782c0ccea667e5dd5c45830c08afac9be3d7c894f09684b8ab2a458f497d197b73621233bcf202d9d468
  languageName: node
  linkType: hard

"before-after-hook@npm:^2.2.0":
  version: 2.2.3
  resolution: "before-after-hook@npm:2.2.3"
  checksum: 8/a1a2430976d9bdab4cd89cb50d27fa86b19e2b41812bf1315923b0cba03371ebca99449809226425dd3bcef20e010db61abdaff549278e111d6480034bebae87
  languageName: node
  linkType: hard

"combined-stream@npm:^1.0.8":
  version: 1.0.8
  resolution: "combined-stream@npm:1.0.8"
  dependencies:
    delayed-stream: "npm:~1.0.0"
  checksum: 8/49fa4aeb4916567e33ea81d088f6584749fc90c7abec76fd516bf1c5aa5c79f3584b5ba3de6b86d26ddd64bae5329c4c7479343250cfe71c75bb366eae53bb7c
  languageName: node
  linkType: hard

"create-require@npm:^1.1.0":
  version: 1.1.1
  resolution: "create-require@npm:1.1.1"
  checksum: 8/a9a1503d4390d8b59ad86f4607de7870b39cad43d929813599a23714831e81c520bddf61bcdd1f8e30f05fd3a2b71ae8538e946eb2786dc65c2bbc520f692eff
  languageName: node
  linkType: hard

"delayed-stream@npm:~1.0.0":
  version: 1.0.0
  resolution: "delayed-stream@npm:1.0.0"
  checksum: 8/46fe6e83e2cb1d85ba50bd52803c68be9bd953282fa7096f51fc29edd5d67ff84ff753c51966061e5ba7cb5e47ef6d36a91924eddb7f3f3483b1c560f77a0020
  languageName: node
  linkType: hard

"deprecation@npm:^2.0.0":
  version: 2.3.1
  resolution: "deprecation@npm:2.3.1"
  checksum: 8/f56a05e182c2c195071385455956b0c4106fe14e36245b00c689ceef8e8ab639235176a96977ba7c74afb173317fac2e0ec6ec7a1c6d1e6eaa401c586c714132
  languageName: node
  linkType: hard

"diff@npm:^4.0.1":
  version: 4.0.2
  resolution: "diff@npm:4.0.2"
  checksum: 8/f2c09b0ce4e6b301c221addd83bf3f454c0bc00caa3dd837cf6c127d6edf7223aa2bbe3b688feea110b7f262adbfc845b757c44c8a9f8c0c5b15d8fa9ce9d20d
  languageName: node
  linkType: hard

"follow-redirects@npm:^1.15.4":
  version: 1.15.4
  resolution: "follow-redirects@npm:1.15.4"
  peerDependenciesMeta:
    debug:
      optional: true
  checksum: 5f37ed9170c9eb19448c5418fdb0f2b73f644b5364834e70791a76ecc7db215246f9773bbef4852cfae4067764ffc852e047f744b661b0211532155b73556a6a
  languageName: node
  linkType: hard

"form-data@npm:^4.0.0":
  version: 4.0.0
  resolution: "form-data@npm:4.0.0"
  dependencies:
    asynckit: "npm:^0.4.0"
    combined-stream: "npm:^1.0.8"
    mime-types: "npm:^2.1.12"
  checksum: 8/01135bf8675f9d5c61ff18e2e2932f719ca4de964e3be90ef4c36aacfc7b9cb2fceb5eca0b7e0190e3383fe51c5b37f4cb80b62ca06a99aaabfcfd6ac7c9328c
  languageName: node
  linkType: hard

"is-plain-object@npm:^5.0.0":
  version: 5.0.0
  resolution: "is-plain-object@npm:5.0.0"
  checksum: 8/e32d27061eef62c0847d303125440a38660517e586f2f3db7c9d179ae5b6674ab0f469d519b2e25c147a1a3bc87156d0d5f4d8821e0ce4a9ee7fe1fcf11ce45c
  languageName: node
  linkType: hard

"make-error@npm:^1.1.1":
  version: 1.3.6
  resolution: "make-error@npm:1.3.6"
  checksum: 8/b86e5e0e25f7f777b77fabd8e2cbf15737972869d852a22b7e73c17623928fccb826d8e46b9951501d3f20e51ad74ba8c59ed584f610526a48f8ccf88aaec402
  languageName: node
  linkType: hard

"mime-db@npm:1.52.0":
  version: 1.52.0
  resolution: "mime-db@npm:1.52.0"
  checksum: 8/0d99a03585f8b39d68182803b12ac601d9c01abfa28ec56204fa330bc9f3d1c5e14beb049bafadb3dbdf646dfb94b87e24d4ec7b31b7279ef906a8ea9b6a513f
  languageName: node
  linkType: hard

"mime-types@npm:^2.1.12":
  version: 2.1.35
  resolution: "mime-types@npm:2.1.35"
  dependencies:
    mime-db: "npm:1.52.0"
  checksum: 8/89a5b7f1def9f3af5dad6496c5ed50191ae4331cc5389d7c521c8ad28d5fdad2d06fd81baf38fed813dc4e46bb55c8145bb0ff406330818c9cf712fb2e9b3836
  languageName: node
  linkType: hard

"once@npm:^1.4.0":
  version: 1.4.0
  resolution: "once@npm:1.4.0"
  dependencies:
    wrappy: "npm:1"
  checksum: 8/cd0a88501333edd640d95f0d2700fbde6bff20b3d4d9bdc521bdd31af0656b5706570d6c6afe532045a20bb8dc0849f8332d6f2a416e0ba6d3d3b98806c7db68
  languageName: node
  linkType: hard

"prettier@npm:^3.0.0":
  version: 3.2.2
  resolution: "prettier@npm:3.2.2"
  bin:
    prettier: bin/prettier.cjs
  checksum: e84d0d2a4ce2b88ee1636904effbdf68b59da63d9f887128f2ed5382206454185432e7c0a9578bc4308bc25d099cfef47fd0b9c211066777854e23e65e34044d
  languageName: node
  linkType: hard

"proxy-from-env@npm:^1.1.0":
  version: 1.1.0
  resolution: "proxy-from-env@npm:1.1.0"
  checksum: 8/ed7fcc2ba0a33404958e34d95d18638249a68c430e30fcb6c478497d72739ba64ce9810a24f53a7d921d0c065e5b78e3822759800698167256b04659366ca4d4
  languageName: node
  linkType: hard

"red-dirt@workspace:.":
  version: 0.0.0-use.local
  resolution: "red-dirt@workspace:."
  dependencies:
    "@octokit/core": "npm:^5.0.0"
    "@types/node": "npm:^20.0.0"
    axios: "npm:^1.3.4"
    prettier: "npm:^3.0.0"
    ts-node: "npm:^10.9.1"
    tslib: "npm:^2.5.0"
    typescript: "npm:^5.0.2"
  languageName: unknown
  linkType: soft

"ts-node@npm:^10.9.1":
  version: 10.9.2
  resolution: "ts-node@npm:10.9.2"
  dependencies:
    "@cspotcode/source-map-support": "npm:^0.8.0"
    "@tsconfig/node10": "npm:^1.0.7"
    "@tsconfig/node12": "npm:^1.0.7"
    "@tsconfig/node14": "npm:^1.0.0"
    "@tsconfig/node16": "npm:^1.0.2"
    acorn: "npm:^8.4.1"
    acorn-walk: "npm:^8.1.1"
    arg: "npm:^4.1.0"
    create-require: "npm:^1.1.0"
    diff: "npm:^4.0.1"
    make-error: "npm:^1.1.1"
    v8-compile-cache-lib: "npm:^3.0.1"
    yn: "npm:3.1.1"
  peerDependencies:
    "@swc/core": ">=1.2.50"
    "@swc/wasm": ">=1.2.50"
    "@types/node": "*"
    typescript: ">=2.7"
  peerDependenciesMeta:
    "@swc/core":
      optional: true
    "@swc/wasm":
      optional: true
  bin:
    ts-node: dist/bin.js
    ts-node-cwd: dist/bin-cwd.js
    ts-node-esm: dist/bin-esm.js
    ts-node-script: dist/bin-script.js
    ts-node-transpile-only: dist/bin-transpile.js
    ts-script: dist/bin-script-deprecated.js
  checksum: 5f29938489f96982a25ba650b64218e83a3357d76f7bede80195c65ab44ad279c8357264639b7abdd5d7e75fc269a83daa0e9c62fd8637a3def67254ecc9ddc2
  languageName: node
  linkType: hard

"tslib@npm:^2.5.0":
  version: 2.6.2
  resolution: "tslib@npm:2.6.2"
  checksum: 8/329ea56123005922f39642318e3d1f0f8265d1e7fcb92c633e0809521da75eeaca28d2cf96d7248229deb40e5c19adf408259f4b9640afd20d13aecc1430f3ad
  languageName: node
  linkType: hard

"typescript@npm:^5.0.2":
  version: 5.3.3
  resolution: "typescript@npm:5.3.3"
  bin:
    tsc: bin/tsc
    tsserver: bin/tsserver
  checksum: e33cef99d82573624fc0f854a2980322714986bc35b9cb4d1ce736ed182aeab78e2cb32b385efa493b2a976ef52c53e20d6c6918312353a91850e2b76f1ea44f
  languageName: node
  linkType: hard

"typescript@patch:typescript@npm%3A^5.0.2#optional!builtin<compat/typescript>":
  version: 5.3.3
  resolution: "typescript@patch:typescript@npm%3A5.3.3#optional!builtin<compat/typescript>::version=5.3.3&hash=e012d7"
  bin:
    tsc: bin/tsc
    tsserver: bin/tsserver
  checksum: 1d0a5f4ce496c42caa9a30e659c467c5686eae15d54b027ee7866744952547f1be1262f2d40de911618c242b510029d51d43ff605dba8fb740ec85ca2d3f9500
  languageName: node
  linkType: hard

"undici-types@npm:~5.26.4":
  version: 5.26.5
  resolution: "undici-types@npm:5.26.5"
  checksum: bb673d7876c2d411b6eb6c560e0c571eef4a01c1c19925175d16e3a30c4c428181fb8d7ae802a261f283e4166a0ac435e2f505743aa9e45d893f9a3df017b501
  languageName: node
  linkType: hard

"universal-user-agent@npm:^6.0.0":
  version: 6.0.0
  resolution: "universal-user-agent@npm:6.0.0"
  checksum: 8/5092bbc80dd0d583cef0b62c17df0043193b74f425112ea6c1f69bc5eda21eeec7a08d8c4f793a277eb2202ffe9b44bec852fa3faff971234cd209874d1b79ef
  languageName: node
  linkType: hard

"v8-compile-cache-lib@npm:^3.0.1":
  version: 3.0.1
  resolution: "v8-compile-cache-lib@npm:3.0.1"
  checksum: 8/78089ad549e21bcdbfca10c08850022b22024cdcc2da9b168bcf5a73a6ed7bf01a9cebb9eac28e03cd23a684d81e0502797e88f3ccd27a32aeab1cfc44c39da0
  languageName: node
  linkType: hard

"wrappy@npm:1":
  version: 1.0.2
  resolution: "wrappy@npm:1.0.2"
  checksum: 8/159da4805f7e84a3d003d8841557196034155008f817172d4e986bd591f74aa82aa7db55929a54222309e01079a65a92a9e6414da5a6aa4b01ee44a511ac3ee5
  languageName: node
  linkType: hard

"yn@npm:3.1.1":
  version: 3.1.1
  resolution: "yn@npm:3.1.1"
  checksum: 8/2c487b0e149e746ef48cda9f8bad10fc83693cd69d7f9dcd8be4214e985de33a29c9e24f3c0d6bcf2288427040a8947406ab27f7af67ee9456e6b84854f02dd6
  languageName: node
  linkType: hard
